
Microsoft Visual Studio Solution File, Format Version 12.00
# Visual Studio Version 16
VisualStudioVersion = 16.0.31410.357
MinimumVisualStudioVersion = 10.0.40219.1
Project("{FAE04EC0-301F-11D3-BF4B-00C04F79EFBC}") = "ResultsAnalyzer", "ResultsAnalyzer\ResultsAnalyzer.csproj", "{C53346C0-E94B-4DA0-A1E4-CABB409B0871}"
EndProject
Global
	GlobalSection(SolutionConfigurationPlatforms) = preSolution
		Debug|Any CPU = Debug|Any CPU
		Release|Any CPU = Release|Any CPU
	EndGlobalSection
	GlobalSection(ProjectConfigurationPlatforms) = postSolution
		{C53346C0-E94B-4DA0-A1E4-CABB409B0871}.Debug|Any CPU.ActiveCfg = Debug|Any CPU
		{C53346C0-E94B-4DA0-A1E4-CABB409B0871}.Debug|Any CPU.Build.0 = Debug|Any CPU
		{C53346C0-E94B-4DA0-A1E4-CABB409B0871}.Release|Any CPU.ActiveCfg = Release|Any CPU
		{C53346C0-E94B-4DA0-A1E4-CABB409B0871}.Release|Any CPU.Build.0 = Release|Any CPU
	EndGlobalSection
	GlobalSection(SolutionProperties) = preSolution
		HideSolutionNode = FALSE
	EndGlobalSection
	GlobalSection(ExtensibilityGlobals) = postSolution
		SolutionGuid = {11BB832C-E67E-4B6C-AD4B-E209BAFA0E8E}
	EndGlobalSection
EndGlobal
